{
  "name": "testjsapp",
  "version": "1.0.0",
  "lockfileVersion": 1,
  "requires": true,
  "dependencies": {
    "jquery.tocify": {
      "version": "1.9.1",
      "resolved": "https://registry.npmjs.org/jquery.tocify/-/jquery.tocify-1.9.1.tgz",
      "integrity": "sha1-yhwEYPp4HS6ouhRjkCe9c0tcw1o="
    }
  }
}
