{
  "name": "assets.testjsapp",
  "version": "1.0.0",
  "lockfileVersion": 1,
  "requires": true,
  "dependencies": {
    "jquery.toc": {
      "version": "0.4.0",
      "resolved": "https://registry.npmjs.org/jquery.toc/-/jquery.toc-0.4.0.tgz",
      "integrity": "sha512-Cx9z5zsSYnOX+nFRfgqKgcCnIZYMIP7oFxCq+IXCo6rtcNiSis2zmIUL/iG5o+eCYmeoJnmz/xlSqPDyJXps4Q=="
    }
  }
}
